
Microsoft Visual Studio Solution File, Format Version 12.00
# Visual Studio Version 16
VisualStudioVersion = 25.0.1703.5
MinimumVisualStudioVersion = 10.0.40219.1
Project("{FAE04EC0-301F-11D3-BF4B-00C04F79EFBC}") = "sample101", "sample101\sample101.csproj", "{52AE7A39-952A-41CB-BD79-3FA05448A737}"
EndProject
Global
	GlobalSection(SolutionConfigurationPlatforms) = preSolution
		Debug|Any CPU = Debug|Any CPU
		Release|Any CPU = Release|Any CPU
	EndGlobalSection
	GlobalSection(ProjectConfigurationPlatforms) = postSolution
		{52AE7A39-952A-41CB-BD79-3FA05448A737}.Debug|Any CPU.ActiveCfg = Debug|Any CPU
		{52AE7A39-952A-41CB-BD79-3FA05448A737}.Debug|Any CPU.Build.0 = Debug|Any CPU
		{52AE7A39-952A-41CB-BD79-3FA05448A737}.Release|Any CPU.ActiveCfg = Release|Any CPU
		{52AE7A39-952A-41CB-BD79-3FA05448A737}.Release|Any CPU.Build.0 = Release|Any CPU
	EndGlobalSection
	GlobalSection(SolutionProperties) = preSolution
		HideSolutionNode = FALSE
	EndGlobalSection
	GlobalSection(ExtensibilityGlobals) = postSolution
		SolutionGuid = {B0EC78A3-6EDC-444F-9BF3-D5A4C6BE536C}
	EndGlobalSection
EndGlobal
