
Microsoft Visual Studio Solution File, Format Version 12.00
# Visual Studio Version 16
VisualStudioVersion = 25.0.1703.5
MinimumVisualStudioVersion = 10.0.40219.1
Project("{FAE04EC0-301F-11D3-BF4B-00C04F79EFBC}") = "helloworld", "helloworld\helloworld.csproj", "{8BC7B978-A236-4E6A-BD02-DC465395AAD7}"
EndProject
Global
	GlobalSection(SolutionConfigurationPlatforms) = preSolution
		Debug|Any CPU = Debug|Any CPU
		Release|Any CPU = Release|Any CPU
	EndGlobalSection
	GlobalSection(ProjectConfigurationPlatforms) = postSolution
		{8BC7B978-A236-4E6A-BD02-DC465395AAD7}.Debug|Any CPU.ActiveCfg = Debug|Any CPU
		{8BC7B978-A236-4E6A-BD02-DC465395AAD7}.Debug|Any CPU.Build.0 = Debug|Any CPU
		{8BC7B978-A236-4E6A-BD02-DC465395AAD7}.Release|Any CPU.ActiveCfg = Release|Any CPU
		{8BC7B978-A236-4E6A-BD02-DC465395AAD7}.Release|Any CPU.Build.0 = Release|Any CPU
	EndGlobalSection
	GlobalSection(SolutionProperties) = preSolution
		HideSolutionNode = FALSE
	EndGlobalSection
	GlobalSection(ExtensibilityGlobals) = postSolution
		SolutionGuid = {A968A972-BD24-46B9-9C6B-36A3A44CFD60}
	EndGlobalSection
EndGlobal
