
Microsoft Visual Studio Solution File, Format Version 12.00
# Visual Studio Version 16
VisualStudioVersion = 25.0.1703.5
MinimumVisualStudioVersion = 10.0.40219.1
Project("{FAE04EC0-301F-11D3-BF4B-00C04F79EFBC}") = "本棚", "本棚\本棚.csproj", "{AF66CD4E-BE25-4151-AD60-3DDF82195E73}"
EndProject
Global
	GlobalSection(SolutionConfigurationPlatforms) = preSolution
		Debug|Any CPU = Debug|Any CPU
		Release|Any CPU = Release|Any CPU
	EndGlobalSection
	GlobalSection(ProjectConfigurationPlatforms) = postSolution
		{AF66CD4E-BE25-4151-AD60-3DDF82195E73}.Debug|Any CPU.ActiveCfg = Debug|Any CPU
		{AF66CD4E-BE25-4151-AD60-3DDF82195E73}.Debug|Any CPU.Build.0 = Debug|Any CPU
		{AF66CD4E-BE25-4151-AD60-3DDF82195E73}.Release|Any CPU.ActiveCfg = Release|Any CPU
		{AF66CD4E-BE25-4151-AD60-3DDF82195E73}.Release|Any CPU.Build.0 = Release|Any CPU
	EndGlobalSection
	GlobalSection(SolutionProperties) = preSolution
		HideSolutionNode = FALSE
	EndGlobalSection
	GlobalSection(ExtensibilityGlobals) = postSolution
		SolutionGuid = {F445744A-A8D1-4AA9-B359-B04CB7DF2351}
	EndGlobalSection
EndGlobal
